
Microsoft Visual Studio Solution File, Format Version 12.00
# Visual Studio 15
VisualStudioVersion = 15.0.26730.16
MinimumVisualStudioVersion = 10.0.40219.1
Project("{2150E333-8FDC-42A3-9474-1A3956D46DE8}") = "src", "src", "{D4DA2021-A5A0-483F-BA87-C951785260A2}"
EndProject
Project("{2150E333-8FDC-42A3-9474-1A3956D46DE8}") = "test", "test", "{1ABE6D42-CB31-4029-963D-1F7F81E2C0B6}"
EndProject
Project("{9A19103F-16F7-4668-BE54-9A1E7A4F7556}") = "NoiseLab.Common", "src\NoiseLab.Common\NoiseLab.Common.csproj", "{E4BC537C-6C1D-453D-853A-18FA19BC2A13}"
EndProject
Project("{9A19103F-16F7-4668-BE54-9A1E7A4F7556}") = "NoiseLab.PolyGen.Core", "src\NoiseLab.PolyGen.Core\NoiseLab.PolyGen.Core.csproj", "{28FD9A45-C8DE-42A4-B533-36663E4731B8}"
EndProject
Project("{9A19103F-16F7-4668-BE54-9A1E7A4F7556}") = "NoiseLab.Common.UnitTests", "test\NoiseLab.Common.UnitTests\NoiseLab.Common.UnitTests.csproj", "{C230CB2E-C18E-470A-83C4-A9CF0279F24F}"
EndProject
Project("{9A19103F-16F7-4668-BE54-9A1E7A4F7556}") = "NoiseLab.PolyGen.Core.UnitTests", "test\NoiseLab.PolyGen.Core.UnitTests\NoiseLab.PolyGen.Core.UnitTests.csproj", "{49F7B262-0BEF-40D6-825C-F7C4B90012A9}"
EndProject
Project("{2150E333-8FDC-42A3-9474-1A3956D46DE8}") = "samples", "samples", "{9E1C8157-A89B-49F5-8104-2DFC9DD67AAA}"
EndProject
Project("{9A19103F-16F7-4668-BE54-9A1E7A4F7556}") = "NoiseLab.PolyGen.Samples.CodeGeneration", "samples\NoiseLab.PolyGen.Samples.CodeGeneration\NoiseLab.PolyGen.Samples.CodeGeneration.csproj", "{E09CC70D-42E8-420E-A24C-86B0354E1EF4}"
EndProject
Project("{9A19103F-16F7-4668-BE54-9A1E7A4F7556}") = "NoiseLab.PolyGen.Samples.GeneratedCode", "samples\NoiseLab.PolyGen.Samples.GeneratedCode\NoiseLab.PolyGen.Samples.GeneratedCode.csproj", "{78849AE2-73C3-47DA-9BFA-BCB1040E34E1}"
EndProject
Global
	GlobalSection(SolutionConfigurationPlatforms) = preSolution
		Debug|Any CPU = Debug|Any CPU
		Release|Any CPU = Release|Any CPU
	EndGlobalSection
	GlobalSection(ProjectConfigurationPlatforms) = postSolution
		{E4BC537C-6C1D-453D-853A-18FA19BC2A13}.Debug|Any CPU.ActiveCfg = Debug|Any CPU
		{E4BC537C-6C1D-453D-853A-18FA19BC2A13}.Debug|Any CPU.Build.0 = Debug|Any CPU
		{E4BC537C-6C1D-453D-853A-18FA19BC2A13}.Release|Any CPU.ActiveCfg = Release|Any CPU
		{E4BC537C-6C1D-453D-853A-18FA19BC2A13}.Release|Any CPU.Build.0 = Release|Any CPU
		{28FD9A45-C8DE-42A4-B533-36663E4731B8}.Debug|Any CPU.ActiveCfg = Debug|Any CPU
		{28FD9A45-C8DE-42A4-B533-36663E4731B8}.Debug|Any CPU.Build.0 = Debug|Any CPU
		{28FD9A45-C8DE-42A4-B533-36663E4731B8}.Release|Any CPU.ActiveCfg = Release|Any CPU
		{28FD9A45-C8DE-42A4-B533-36663E4731B8}.Release|Any CPU.Build.0 = Release|Any CPU
		{C230CB2E-C18E-470A-83C4-A9CF0279F24F}.Debug|Any CPU.ActiveCfg = Debug|Any CPU
		{C230CB2E-C18E-470A-83C4-A9CF0279F24F}.Debug|Any CPU.Build.0 = Debug|Any CPU
		{C230CB2E-C18E-470A-83C4-A9CF0279F24F}.Release|Any CPU.ActiveCfg = Release|Any CPU
		{C230CB2E-C18E-470A-83C4-A9CF0279F24F}.Release|Any CPU.Build.0 = Release|Any CPU
		{49F7B262-0BEF-40D6-825C-F7C4B90012A9}.Debug|Any CPU.ActiveCfg = Debug|Any CPU
		{49F7B262-0BEF-40D6-825C-F7C4B90012A9}.Debug|Any CPU.Build.0 = Debug|Any CPU
		{49F7B262-0BEF-40D6-825C-F7C4B90012A9}.Release|Any CPU.ActiveCfg = Release|Any CPU
		{49F7B262-0BEF-40D6-825C-F7C4B90012A9}.Release|Any CPU.Build.0 = Release|Any CPU
		{E09CC70D-42E8-420E-A24C-86B0354E1EF4}.Debug|Any CPU.ActiveCfg = Debug|Any CPU
		{E09CC70D-42E8-420E-A24C-86B0354E1EF4}.Debug|Any CPU.Build.0 = Debug|Any CPU
		{E09CC70D-42E8-420E-A24C-86B0354E1EF4}.Release|Any CPU.ActiveCfg = Release|Any CPU
		{E09CC70D-42E8-420E-A24C-86B0354E1EF4}.Release|Any CPU.Build.0 = Release|Any CPU
		{78849AE2-73C3-47DA-9BFA-BCB1040E34E1}.Debug|Any CPU.ActiveCfg = Debug|Any CPU
		{78849AE2-73C3-47DA-9BFA-BCB1040E34E1}.Debug|Any CPU.Build.0 = Debug|Any CPU
		{78849AE2-73C3-47DA-9BFA-BCB1040E34E1}.Release|Any CPU.ActiveCfg = Release|Any CPU
		{78849AE2-73C3-47DA-9BFA-BCB1040E34E1}.Release|Any CPU.Build.0 = Release|Any CPU
	EndGlobalSection
	GlobalSection(SolutionProperties) = preSolution
		HideSolutionNode = FALSE
	EndGlobalSection
	GlobalSection(NestedProjects) = preSolution
		{E4BC537C-6C1D-453D-853A-18FA19BC2A13} = {D4DA2021-A5A0-483F-BA87-C951785260A2}
		{28FD9A45-C8DE-42A4-B533-36663E4731B8} = {D4DA2021-A5A0-483F-BA87-C951785260A2}
		{C230CB2E-C18E-470A-83C4-A9CF0279F24F} = {1ABE6D42-CB31-4029-963D-1F7F81E2C0B6}
		{49F7B262-0BEF-40D6-825C-F7C4B90012A9} = {1ABE6D42-CB31-4029-963D-1F7F81E2C0B6}
		{E09CC70D-42E8-420E-A24C-86B0354E1EF4} = {9E1C8157-A89B-49F5-8104-2DFC9DD67AAA}
		{78849AE2-73C3-47DA-9BFA-BCB1040E34E1} = {9E1C8157-A89B-49F5-8104-2DFC9DD67AAA}
	EndGlobalSection
	GlobalSection(ExtensibilityGlobals) = postSolution
		SolutionGuid = {711B2661-416E-4987-9DB7-7808E2A6B9B1}
	EndGlobalSection
EndGlobal
